
Microsoft Visual Studio Solution File, Format Version 12.00
# Visual Studio Version 17
VisualStudioVersion = 17.10.35013.160
MinimumVisualStudioVersion = 10.0.40219.1
Project("{FAE04EC0-301F-11D3-BF4B-00C04F79EFBC}") = "PlanetRelated", "PlanetRelated\PlanetRelated.csproj", "{407A68A5-8B35-4469-A9F1-C2B59EFB55B7}"
EndProject
Global
	GlobalSection(SolutionConfigurationPlatforms) = preSolution
		Debug|Any CPU = Debug|Any CPU
		Release|Any CPU = Release|Any CPU
	EndGlobalSection
	GlobalSection(ProjectConfigurationPlatforms) = postSolution
		{407A68A5-8B35-4469-A9F1-C2B59EFB55B7}.Debug|Any CPU.ActiveCfg = Debug|Any CPU
		{407A68A5-8B35-4469-A9F1-C2B59EFB55B7}.Debug|Any CPU.Build.0 = Debug|Any CPU
		{407A68A5-8B35-4469-A9F1-C2B59EFB55B7}.Release|Any CPU.ActiveCfg = Release|Any CPU
		{407A68A5-8B35-4469-A9F1-C2B59EFB55B7}.Release|Any CPU.Build.0 = Release|Any CPU
	EndGlobalSection
	GlobalSection(SolutionProperties) = preSolution
		HideSolutionNode = FALSE
	EndGlobalSection
	GlobalSection(ExtensibilityGlobals) = postSolution
		SolutionGuid = {A8C7B4B4-83D6-45A1-82EB-B418B4F20CFB}
	EndGlobalSection
EndGlobal
